{
  "version": "5",
  "remote": {
    "https://edge.netlify.com/": "fd941d61d88673d5f28aab283fb86fcc50f08a3bc80ee5470498fcfa88c65cfb",
    "https://edge.netlify.com/bootstrap/config.ts": "6a2ce0e544e15e8f8883a5c18da5948e37fd0f2619f68cb31f3af53c51817025",
    "https://edge.netlify.com/bootstrap/context.ts": "e97240232121e2f369f6546ce961490f34d961ea1ea54be3ff09633e3f08373f",
    "https://edge.netlify.com/bootstrap/cookie.ts": "8b0baae708989ca183c6f3b4ab3d029e6abcbc2e43f93edeb0ff447b3bbc3a05",
    "https://edge.netlify.com/bootstrap/edge_function.ts": "b8253e86aa83c67341f5cfedeba5049d77fbf84dcab7eceff7566b7728ae9b39",
    "https://edge.netlify.com/bootstrap/globals/types.ts": "eaa6148ded3121d8dee62dd91c86e7fe76601df0f3ca8d7962243a30f4c8935f"
  },
  "workspace": {
    "packageJson": {
      "dependencies": [
        "npm:@babel/core@^7.14.5",
        "npm:@babel/preset-react@^7.14.5",
        "npm:@berenddeboer/nx-biome@^1.0.2",
        "npm:@better-auth/passkey@^1.4.7",
        "npm:@effect-atom/atom-react@~0.4.3",
        "npm:@effect-atom/atom@~0.4.8",
        "npm:@effect/language-service@0.62",
        "npm:@effect/platform-browser@0.73",
        "npm:@effect/platform-bun@0.87",
        "npm:@effect/platform@~0.93.6",
        "npm:@effect/rpc@~0.72.2",
        "npm:@effect/sql-pg@~0.49.7",
        "npm:@effect/sql@~0.48.6",
        "npm:@effect/vitest@0.27",
        "npm:@faker-js/faker@^10.1.0",
        "npm:@hookform/resolvers@^5.2.2",
        "npm:@lexical/code@0.39",
        "npm:@lexical/file@0.39",
        "npm:@lexical/hashtag@0.39",
        "npm:@lexical/link@0.39",
        "npm:@lexical/list@0.39",
        "npm:@lexical/markdown@0.39",
        "npm:@lexical/overflow@0.39",
        "npm:@lexical/react@0.39",
        "npm:@lexical/rich-text@0.39",
        "npm:@lexical/selection@0.39",
        "npm:@lexical/table@0.39",
        "npm:@lexical/text@0.39",
        "npm:@lexical/utils@0.39",
        "npm:@netlify/vite-plugin-tanstack-start@^1.2.8",
        "npm:@nx/js@22.3.3",
        "npm:@nx/react@22.3.3",
        "npm:@nx/vite@22.3.3",
        "npm:@nx/web@22.3.3",
        "npm:@radix-ui/react-accordion@^1.2.12",
        "npm:@radix-ui/react-alert-dialog@^1.1.15",
        "npm:@radix-ui/react-aspect-ratio@^1.1.8",
        "npm:@radix-ui/react-avatar@^1.1.11",
        "npm:@radix-ui/react-checkbox@^1.3.3",
        "npm:@radix-ui/react-collapsible@^1.1.12",
        "npm:@radix-ui/react-context-menu@^2.2.16",
        "npm:@radix-ui/react-dialog@^1.1.15",
        "npm:@radix-ui/react-dropdown-menu@^2.1.16",
        "npm:@radix-ui/react-hover-card@^1.1.15",
        "npm:@radix-ui/react-icons@^1.3.2",
        "npm:@radix-ui/react-label@^2.1.8",
        "npm:@radix-ui/react-menubar@^1.1.16",
        "npm:@radix-ui/react-navigation-menu@^1.2.14",
        "npm:@radix-ui/react-popover@^1.1.15",
        "npm:@radix-ui/react-progress@^1.1.8",
        "npm:@radix-ui/react-radio-group@^1.3.8",
        "npm:@radix-ui/react-scroll-area@^1.2.10",
        "npm:@radix-ui/react-select@^2.2.6",
        "npm:@radix-ui/react-separator@^1.1.8",
        "npm:@radix-ui/react-slider@^1.3.6",
        "npm:@radix-ui/react-slot@^1.2.4",
        "npm:@radix-ui/react-switch@^1.2.6",
        "npm:@radix-ui/react-tabs@^1.1.13",
        "npm:@radix-ui/react-toggle-group@^1.1.11",
        "npm:@radix-ui/react-toggle@^1.1.10",
        "npm:@radix-ui/react-tooltip@^1.2.8",
        "npm:@swc-node/register@~1.9.1",
        "npm:@swc/core@~1.5.7",
        "npm:@swc/helpers@~0.5.11",
        "npm:@tailwindcss/typography@~0.5.19",
        "npm:@tailwindcss/vite@^4.0.6",
        "npm:@tanstack/devtools-vite@~0.3.11",
        "npm:@tanstack/react-devtools@0.7",
        "npm:@tanstack/react-form@^1.27.6",
        "npm:@tanstack/react-router-devtools@^1.132.0",
        "npm:@tanstack/react-router-ssr-query@^1.131.7",
        "npm:@tanstack/react-router@^1.132.0",
        "npm:@tanstack/react-start@^1.132.0",
        "npm:@tanstack/router-plugin@^1.132.0",
        "npm:@testcontainers/postgresql@^10.21.0",
        "npm:@testing-library/dom@^10.4.0",
        "npm:@testing-library/react@^16.2.0",
        "npm:@types/bcryptjs@3",
        "npm:@types/canvas-confetti@^1.9.0",
        "npm:@types/lodash@^4.17.23",
        "npm:@types/node@^22.10.2",
        "npm:@types/pg@^8.11.11",
        "npm:@types/react-dom@^19.2.0",
        "npm:@types/react@^19.2.0",
        "npm:@vitejs/plugin-react@^5.0.4",
        "npm:@vitest/ui@4",
        "npm:ajv@8",
        "npm:bcryptjs@^3.0.3",
        "npm:better-auth@^1.4.7",
        "npm:browser-image-compression@^2.0.2",
        "npm:canvas-confetti@^1.9.4",
        "npm:class-variance-authority@~0.7.1",
        "npm:clsx@^2.1.1",
        "npm:cmdk@^1.1.1",
        "npm:date-fns@^4.1.0",
        "npm:dotenv-cli@8",
        "npm:effect-better-auth@0.1",
        "npm:effect@^3.19.10",
        "npm:embla-carousel-react@^8.6.0",
        "npm:faker@^6.6.6",
        "npm:glob@13",
        "npm:husky@^9.1.7",
        "npm:input-otp@^1.4.2",
        "npm:jiti@2.4.2",
        "npm:jsdom@27",
        "npm:kysely@~0.28.9",
        "npm:lexical@0.39",
        "npm:lint-staged@^16.2.7",
        "npm:lodash@^4.17.21",
        "npm:lucide-react@0.562",
        "npm:netlify-cli@^23.13.0",
        "npm:next-themes@~0.4.6",
        "npm:nitro@3.0.1-alpha.1",
        "npm:node-gyp@^12.1.0",
        "npm:nx-oxlint@^0.0.3",
        "npm:nx@22.3.1",
        "npm:oxlint@^1.35.0",
        "npm:pg@^8.16.3",
        "npm:prettier@^2.6.2",
        "npm:react-day-picker@^9.12.0",
        "npm:react-dom@^19.2.0",
        "npm:react-error-boundary@^6.0.2",
        "npm:react-hook-form@^7.68.0",
        "npm:react-resizable-panels@^3.0.6",
        "npm:react@^19.2.0",
        "npm:recharts@2.15.4",
        "npm:resend@^6.6.0",
        "npm:sonner@^2.0.7",
        "npm:tailwind-merge@^3.4.0",
        "npm:tailwindcss@^4.0.6",
        "npm:tslib@^2.3.0",
        "npm:tsx@^4.19.2",
        "npm:tw-animate-css@^1.4.0",
        "npm:typescript@^5.7.2",
        "npm:vaul@^1.1.2",
        "npm:vite-plugin-dts@4.5",
        "npm:vite-tsconfig-paths@^5.1.4",
        "npm:vite@^7.1.7",
        "npm:vitest@^3.0.5",
        "npm:web-vitals@^5.1.0",
        "npm:zod@^4.1.13"
      ]
    },
    "members": {
      "apps/explore": {
        "packageJson": {
          "dependencies": [
            "npm:@effect-atom/atom-react@*",
            "npm:@effect-atom/atom@*",
            "npm:@effect/platform-browser@*",
            "npm:@effect/platform@*",
            "npm:@shadcn@*",
            "npm:@sse@*",
            "npm:@tailwindcss/vite@*",
            "npm:@tanstack/devtools-vite@*",
            "npm:@tanstack/react-router-devtools@*",
            "npm:@tanstack/react-router@*",
            "npm:@tanstack/react-start@*",
            "npm:@tanstack/router-plugin@*",
            "npm:@theme@*",
            "npm:@types/node@*",
            "npm:@types/react-dom@*",
            "npm:@types/react@*",
            "npm:@vitejs/plugin-react@*",
            "npm:class-variance-authority@*",
            "npm:clsx@*",
            "npm:effect@*",
            "npm:lucide-react@*",
            "npm:next-themes@*",
            "npm:nitro@3.0.1-alpha.1",
            "npm:react-dom@*",
            "npm:react@*",
            "npm:tailwind-merge@*",
            "npm:tailwindcss@*",
            "npm:tw-animate-css@*",
            "npm:typescript@*",
            "npm:vite-tsconfig-paths@*",
            "npm:vite@*"
          ]
        }
      },
      "apps/my-artist-type": {
        "packageJson": {
          "dependencies": [
            "npm:@better-auth/passkey@*",
            "npm:@core@*",
            "npm:@effect-atom/atom-react@*",
            "npm:@effect-atom/atom@*",
            "npm:@effect/language-service@*",
            "npm:@effect/opentelemetry@*",
            "npm:@effect/platform-browser@*",
            "npm:@effect/platform-bun@*",
            "npm:@effect/platform@*",
            "npm:@effect/rpc@*",
            "npm:@effect/sql-pg@*",
            "npm:@effect/sql@*",
            "npm:@effect/vitest@*",
            "npm:@example@*",
            "npm:@faker-js/faker@*",
            "npm:@hookform/resolvers@*",
            "npm:@netlify/neon@~0.1.2",
            "npm:@radix-ui/react-accordion@*",
            "npm:@radix-ui/react-alert-dialog@*",
            "npm:@radix-ui/react-aspect-ratio@*",
            "npm:@radix-ui/react-avatar@*",
            "npm:@radix-ui/react-checkbox@*",
            "npm:@radix-ui/react-collapsible@*",
            "npm:@radix-ui/react-context-menu@*",
            "npm:@radix-ui/react-dialog@*",
            "npm:@radix-ui/react-dropdown-menu@*",
            "npm:@radix-ui/react-hover-card@*",
            "npm:@radix-ui/react-label@*",
            "npm:@radix-ui/react-menubar@*",
            "npm:@radix-ui/react-navigation-menu@*",
            "npm:@radix-ui/react-popover@*",
            "npm:@radix-ui/react-progress@*",
            "npm:@radix-ui/react-radio-group@*",
            "npm:@radix-ui/react-scroll-area@*",
            "npm:@radix-ui/react-select@*",
            "npm:@radix-ui/react-separator@*",
            "npm:@radix-ui/react-slider@*",
            "npm:@radix-ui/react-slot@*",
            "npm:@radix-ui/react-switch@*",
            "npm:@radix-ui/react-tabs@*",
            "npm:@radix-ui/react-toggle-group@*",
            "npm:@radix-ui/react-toggle@*",
            "npm:@radix-ui/react-tooltip@*",
            "npm:@shadcn@*",
            "npm:@tailwindcss/vite@*",
            "npm:@tanstack/devtools-vite@*",
            "npm:@tanstack/react-devtools@*",
            "npm:@tanstack/react-form@*",
            "npm:@tanstack/react-router-devtools@*",
            "npm:@tanstack/react-router-ssr-query@*",
            "npm:@tanstack/react-router@*",
            "npm:@tanstack/react-start@*",
            "npm:@tanstack/router-plugin@*",
            "npm:@tanstack/virtual-file-routes@^1.141.0",
            "npm:@testcontainers/postgresql@*",
            "npm:@testing-library/dom@*",
            "npm:@testing-library/react@*",
            "npm:@theme@*",
            "npm:@todo@*",
            "npm:@types/bcryptjs@*",
            "npm:@types/node@*",
            "npm:@types/pg@*",
            "npm:@types/react-dom@*",
            "npm:@types/react@*",
            "npm:@vitejs/plugin-react@*",
            "npm:bcryptjs@*",
            "npm:better-auth@*",
            "npm:browser-image-compression@*",
            "npm:class-variance-authority@*",
            "npm:clsx@*",
            "npm:cmdk@*",
            "npm:date-fns@*",
            "npm:dotenv-cli@*",
            "npm:effect-better-auth@*",
            "npm:effect@*",
            "npm:embla-carousel-react@*",
            "npm:faker@*",
            "npm:input-otp@*",
            "npm:jsdom@*",
            "npm:kysely@*",
            "npm:lucide-react@*",
            "npm:motion@^12.23.26",
            "npm:next-themes@*",
            "npm:nitro@3.0.1-alpha.1",
            "npm:pg@*",
            "npm:react-day-picker@*",
            "npm:react-dom@*",
            "npm:react-hook-form@*",
            "npm:react-resizable-panels@*",
            "npm:react@*",
            "npm:recharts@*",
            "npm:resend@*",
            "npm:sonner@*",
            "npm:tailwind-merge@*",
            "npm:tailwindcss@*",
            "npm:tsx@*",
            "npm:tw-animate-css@*",
            "npm:typescript@*",
            "npm:vaul@*",
            "npm:vite-tsconfig-paths@*",
            "npm:vite@*",
            "npm:vitest@*",
            "npm:web-vitals@*",
            "npm:zod@*"
          ]
        }
      },
      "apps/songmaking": {
        "packageJson": {
          "dependencies": [
            "npm:@auth@*",
            "npm:@components@*",
            "npm:@core@*",
            "npm:@course@*",
            "npm:@dnd-kit/core@*",
            "npm:@dnd-kit/modifiers@*",
            "npm:@dnd-kit/sortable@*",
            "npm:@dnd-kit/utilities@*",
            "npm:@effect-atom/atom-react@*",
            "npm:@effect-atom/atom@*",
            "npm:@effect/language-service@*",
            "npm:@effect/opentelemetry@*",
            "npm:@effect/platform-browser@*",
            "npm:@effect/platform-bun@*",
            "npm:@effect/platform@*",
            "npm:@effect/rpc@*",
            "npm:@effect/sql-pg@*",
            "npm:@effect/sql@*",
            "npm:@effect/vitest@*",
            "npm:@hookform/resolvers@*",
            "npm:@radix-ui/react-accordion@*",
            "npm:@radix-ui/react-alert-dialog@*",
            "npm:@radix-ui/react-aspect-ratio@*",
            "npm:@radix-ui/react-avatar@*",
            "npm:@radix-ui/react-checkbox@*",
            "npm:@radix-ui/react-collapsible@*",
            "npm:@radix-ui/react-context-menu@*",
            "npm:@radix-ui/react-dialog@*",
            "npm:@radix-ui/react-dropdown-menu@*",
            "npm:@radix-ui/react-hover-card@*",
            "npm:@radix-ui/react-label@*",
            "npm:@radix-ui/react-menubar@*",
            "npm:@radix-ui/react-navigation-menu@*",
            "npm:@radix-ui/react-popover@*",
            "npm:@radix-ui/react-progress@*",
            "npm:@radix-ui/react-radio-group@*",
            "npm:@radix-ui/react-scroll-area@*",
            "npm:@radix-ui/react-select@*",
            "npm:@radix-ui/react-separator@*",
            "npm:@radix-ui/react-slider@*",
            "npm:@radix-ui/react-slot@*",
            "npm:@radix-ui/react-switch@*",
            "npm:@radix-ui/react-tabs@*",
            "npm:@radix-ui/react-toggle-group@*",
            "npm:@radix-ui/react-toggle@*",
            "npm:@radix-ui/react-tooltip@*",
            "npm:@shadcn@*",
            "npm:@tailwindcss/vite@*",
            "npm:@tanstack/devtools-vite@*",
            "npm:@tanstack/react-router-devtools@*",
            "npm:@tanstack/react-router@*",
            "npm:@tanstack/react-start@*",
            "npm:@tanstack/router-plugin@*",
            "npm:@theme@*",
            "npm:@types/node@*",
            "npm:@types/react-dom@*",
            "npm:@types/react@*",
            "npm:@vitejs/plugin-react@*",
            "npm:better-auth@*",
            "npm:class-variance-authority@*",
            "npm:clsx@*",
            "npm:cmdk@*",
            "npm:date-fns@*",
            "npm:dotenv-cli@*",
            "npm:effect-better-auth@*",
            "npm:effect@*",
            "npm:lucide-react@*",
            "npm:motion@^12.23.26",
            "npm:next-themes@*",
            "npm:nitro@3.0.1-alpha.1",
            "npm:react-dom@*",
            "npm:react-hook-form@*",
            "npm:react@*",
            "npm:sonner@*",
            "npm:tailwind-merge@*",
            "npm:tailwindcss@*",
            "npm:tsx@*",
            "npm:tw-animate-css@*",
            "npm:typescript@*",
            "npm:vite-tsconfig-paths@*",
            "npm:vite@*",
            "npm:vitest@*",
            "npm:zod@*"
          ]
        }
      },
      "packages/artist-types": {
        "packageJson": {
          "dependencies": [
            "npm:@auth@*",
            "npm:@components@*",
            "npm:@core@*",
            "npm:@effect-atom/atom-react@*",
            "npm:@effect-atom/atom@*",
            "npm:@effect/platform@*",
            "npm:@effect/rpc@*",
            "npm:@effect/sql@*",
            "npm:@shadcn@*",
            "npm:@tanstack/react-start@*",
            "npm:@types/react@*",
            "npm:effect@*",
            "npm:react@*"
          ]
        }
      },
      "packages/auth": {
        "packageJson": {
          "dependencies": [
            "npm:@better-auth/passkey@*",
            "npm:@core@*",
            "npm:@effect-atom/atom-react@*",
            "npm:@effect-atom/atom@*",
            "npm:@effect/language-service@*",
            "npm:@effect/platform-browser@*",
            "npm:@effect/platform-bun@*",
            "npm:@effect/platform@*",
            "npm:@effect/rpc@*",
            "npm:@effect/sql-pg@*",
            "npm:@effect/sql@*",
            "npm:@effect/vitest@*",
            "npm:@email@*",
            "npm:@faker-js/faker@*",
            "npm:@hookform/resolvers@*",
            "npm:@radix-ui/react-accordion@*",
            "npm:@radix-ui/react-alert-dialog@*",
            "npm:@radix-ui/react-aspect-ratio@*",
            "npm:@radix-ui/react-avatar@*",
            "npm:@radix-ui/react-checkbox@*",
            "npm:@radix-ui/react-collapsible@*",
            "npm:@radix-ui/react-context-menu@*",
            "npm:@radix-ui/react-dialog@*",
            "npm:@radix-ui/react-dropdown-menu@*",
            "npm:@radix-ui/react-hover-card@*",
            "npm:@radix-ui/react-label@*",
            "npm:@radix-ui/react-menubar@*",
            "npm:@radix-ui/react-navigation-menu@*",
            "npm:@radix-ui/react-popover@*",
            "npm:@radix-ui/react-progress@*",
            "npm:@radix-ui/react-radio-group@*",
            "npm:@radix-ui/react-scroll-area@*",
            "npm:@radix-ui/react-select@*",
            "npm:@radix-ui/react-separator@*",
            "npm:@radix-ui/react-slider@*",
            "npm:@radix-ui/react-slot@*",
            "npm:@radix-ui/react-switch@*",
            "npm:@radix-ui/react-tabs@*",
            "npm:@radix-ui/react-toggle-group@*",
            "npm:@radix-ui/react-toggle@*",
            "npm:@radix-ui/react-tooltip@*",
            "npm:@shadcn@*",
            "npm:@tailwindcss/vite@*",
            "npm:@tanstack/devtools-vite@*",
            "npm:@tanstack/react-devtools@*",
            "npm:@tanstack/react-form@*",
            "npm:@tanstack/react-router-devtools@*",
            "npm:@tanstack/react-router-ssr-query@*",
            "npm:@tanstack/react-router@*",
            "npm:@tanstack/react-start@*",
            "npm:@tanstack/router-plugin@*",
            "npm:@testcontainers/postgresql@*",
            "npm:@testing-library/dom@*",
            "npm:@testing-library/react@*",
            "npm:@types/bcryptjs@*",
            "npm:@types/node@*",
            "npm:@types/pg@*",
            "npm:@types/react-dom@*",
            "npm:@types/react@*",
            "npm:@vitejs/plugin-react@*",
            "npm:bcryptjs@*",
            "npm:better-auth@*",
            "npm:browser-image-compression@*",
            "npm:class-variance-authority@*",
            "npm:clsx@*",
            "npm:cmdk@*",
            "npm:date-fns@*",
            "npm:dotenv-cli@*",
            "npm:effect-better-auth@*",
            "npm:effect@*",
            "npm:embla-carousel-react@*",
            "npm:faker@*",
            "npm:input-otp@*",
            "npm:jsdom@*",
            "npm:kysely@*",
            "npm:lucide-react@*",
            "npm:next-themes@*",
            "npm:nitro@3.0.1-alpha.1",
            "npm:pg@*",
            "npm:react-day-picker@*",
            "npm:react-dom@*",
            "npm:react-hook-form@*",
            "npm:react-resizable-panels@*",
            "npm:react@*",
            "npm:recharts@*",
            "npm:resend@*",
            "npm:rollup-plugin-node-externals@^8.1.2",
            "npm:sonner@*",
            "npm:tailwind-merge@*",
            "npm:tailwindcss@*",
            "npm:tsx@*",
            "npm:tw-animate-css@*",
            "npm:typescript@*",
            "npm:vaul@*",
            "npm:vite-tsconfig-paths@*",
            "npm:vite@*",
            "npm:vitest@*",
            "npm:web-vitals@*",
            "npm:zod@*"
          ]
        }
      },
      "packages/chat": {
        "packageJson": {
          "dependencies": [
            "npm:@core@*",
            "npm:@effect-atom/atom-react@*",
            "npm:@effect-atom/atom@*",
            "npm:@effect/platform@*",
            "npm:@effect/rpc@*",
            "npm:@shadcn@*",
            "npm:@sse@*",
            "npm:@types/react@*",
            "npm:effect@*",
            "npm:lucide-react@*",
            "npm:react@*"
          ]
        }
      },
      "packages/core": {
        "packageJson": {
          "dependencies": [
            "npm:@effect-atom/atom-react@*",
            "npm:@effect-atom/atom@*",
            "npm:@effect/opentelemetry@*",
            "npm:@effect/platform-bun@*",
            "npm:@effect/platform@*",
            "npm:@effect/rpc@*",
            "npm:@effect/sql-pg@*",
            "npm:@effect/sql@*",
            "npm:@effect/vitest@*",
            "npm:@testcontainers/postgresql@*",
            "npm:@types/pg@*",
            "npm:effect@*",
            "npm:pg@*",
            "npm:typescript@*",
            "npm:vite@*",
            "npm:vitest@*"
          ]
        }
      },
      "packages/course": {
        "packageJson": {
          "dependencies": [
            "npm:@effect-atom/atom-react@*",
            "npm:@effect-atom/atom@*",
            "npm:@effect/platform@*",
            "npm:@effect/rpc@*",
            "npm:@effect/sql@*",
            "npm:@faker-js/faker@*",
            "npm:@types/react@*",
            "npm:effect@*",
            "npm:typescript@*"
          ]
        }
      },
      "packages/example": {
        "packageJson": {
          "dependencies": [
            "npm:@auth@*",
            "npm:@core@*",
            "npm:@effect-atom/atom-react@*",
            "npm:@effect-atom/atom@*",
            "npm:@effect/platform@*",
            "npm:@effect/rpc@*",
            "npm:@effect/sql@*",
            "npm:@shadcn@*",
            "npm:@types/react@*",
            "npm:effect@*",
            "npm:react@*"
          ]
        }
      },
      "packages/quiz": {
        "packageJson": {
          "dependencies": [
            "npm:@auth@*",
            "npm:@components@*",
            "npm:@core@*",
            "npm:@dnd-kit/core@*",
            "npm:@dnd-kit/modifiers@*",
            "npm:@dnd-kit/sortable@*",
            "npm:@dnd-kit/utilities@*",
            "npm:@effect-atom/atom-react@*",
            "npm:@effect-atom/atom@*",
            "npm:@effect/ai-anthropic@*",
            "npm:@effect/ai-openai@*",
            "npm:@effect/ai@*",
            "npm:@effect/cluster@*",
            "npm:@effect/experimental@*",
            "npm:@effect/opentelemetry@*",
            "npm:@effect/platform-bun@*",
            "npm:@effect/platform@*",
            "npm:@effect/rpc@*",
            "npm:@effect/sql-pg@*",
            "npm:@effect/sql@*",
            "npm:@effect/vitest@*",
            "npm:@faker-js/faker@*",
            "npm:@headlessui/react@*",
            "npm:@hookform/resolvers@*",
            "npm:@opentelemetry/exporter-trace-otlp-http@*",
            "npm:@opentelemetry/resources@*",
            "npm:@opentelemetry/sdk-trace-base@*",
            "npm:@opentelemetry/sdk-trace-node@*",
            "npm:@opentelemetry/semantic-conventions@*",
            "npm:@shadcn@*",
            "npm:@tabler/icons-react@*",
            "npm:@tanstack/react-form@*",
            "npm:@tanstack/react-router-devtools@*",
            "npm:@tanstack/react-router@*",
            "npm:@tanstack/react-start@*",
            "npm:@tanstack/react-store@*",
            "npm:@tanstack/react-table@*",
            "npm:@testcontainers/postgresql@*",
            "npm:@testing-library/jest-dom@*",
            "npm:@testing-library/react@*",
            "npm:@types/culori@*",
            "npm:@types/pg@*",
            "npm:@types/react-dom@*",
            "npm:@types/react@*",
            "npm:@vitejs/plugin-react@*",
            "npm:canvas-confetti@^1.9.4",
            "npm:csv-parse@*",
            "npm:culori@*",
            "npm:effect@*",
            "npm:jsdom@*",
            "npm:lucide-react@*",
            "npm:motion@^12.23.26",
            "npm:pg@*",
            "npm:react-day-picker@*",
            "npm:react-dom@*",
            "npm:react-resizable-panels@*",
            "npm:react@*",
            "npm:recharts@*",
            "npm:slugify@*",
            "npm:sonner@*",
            "npm:tailwind-merge@*",
            "npm:tailwindcss-animate@*",
            "npm:typescript@*",
            "npm:vite-tsconfig-paths@*",
            "npm:vite@*",
            "npm:vitest@*",
            "npm:zod@*"
          ]
        }
      },
      "packages/sse": {
        "packageJson": {
          "dependencies": [
            "npm:@effect-atom/atom-react@*",
            "npm:@effect-atom/atom@*",
            "npm:@types/node@*",
            "npm:effect@*"
          ]
        }
      },
      "packages/todo": {
        "packageJson": {
          "dependencies": [
            "npm:@auth@*",
            "npm:@core@*",
            "npm:@effect-atom/atom-react@*",
            "npm:@effect-atom/atom@*",
            "npm:@effect/platform@*",
            "npm:@effect/rpc@*",
            "npm:@effect/sql@*",
            "npm:@faker-js/faker@*",
            "npm:@shadcn@*",
            "npm:@types/react@*",
            "npm:effect@*",
            "npm:react@*"
          ]
        }
      },
      "packages/ui/components": {
        "packageJson": {
          "dependencies": [
            "npm:@lexical/code@*",
            "npm:@lexical/file@*",
            "npm:@lexical/hashtag@*",
            "npm:@lexical/link@*",
            "npm:@lexical/list@*",
            "npm:@lexical/markdown@*",
            "npm:@lexical/overflow@*",
            "npm:@lexical/react@*",
            "npm:@lexical/rich-text@*",
            "npm:@lexical/selection@*",
            "npm:@lexical/table@*",
            "npm:@lexical/text@*",
            "npm:@lexical/utils@*",
            "npm:@shadcn@*",
            "npm:@tanstack/react-router@*",
            "npm:@types/lodash@*",
            "npm:@types/react@*",
            "npm:date-fns@*",
            "npm:lexical@*",
            "npm:lodash@*",
            "npm:lucide-react@*",
            "npm:motion@*",
            "npm:react-error-boundary@*",
            "npm:react-markdown@*",
            "npm:react@*"
          ]
        }
      },
      "packages/ui/shadcn": {
        "packageJson": {
          "dependencies": [
            "npm:@better-auth/passkey@*",
            "npm:@effect-atom/atom-react@*",
            "npm:@effect-atom/atom@*",
            "npm:@effect/language-service@*",
            "npm:@effect/platform-browser@*",
            "npm:@effect/platform-bun@*",
            "npm:@effect/platform@*",
            "npm:@effect/rpc@*",
            "npm:@effect/sql-pg@*",
            "npm:@effect/sql@*",
            "npm:@effect/vitest@*",
            "npm:@faker-js/faker@*",
            "npm:@hookform/resolvers@*",
            "npm:@radix-ui/react-accordion@*",
            "npm:@radix-ui/react-alert-dialog@*",
            "npm:@radix-ui/react-aspect-ratio@*",
            "npm:@radix-ui/react-avatar@*",
            "npm:@radix-ui/react-checkbox@*",
            "npm:@radix-ui/react-collapsible@*",
            "npm:@radix-ui/react-context-menu@*",
            "npm:@radix-ui/react-dialog@*",
            "npm:@radix-ui/react-dropdown-menu@*",
            "npm:@radix-ui/react-hover-card@*",
            "npm:@radix-ui/react-label@*",
            "npm:@radix-ui/react-menubar@*",
            "npm:@radix-ui/react-navigation-menu@*",
            "npm:@radix-ui/react-popover@*",
            "npm:@radix-ui/react-progress@*",
            "npm:@radix-ui/react-radio-group@*",
            "npm:@radix-ui/react-scroll-area@*",
            "npm:@radix-ui/react-select@*",
            "npm:@radix-ui/react-separator@*",
            "npm:@radix-ui/react-slider@*",
            "npm:@radix-ui/react-slot@*",
            "npm:@radix-ui/react-switch@*",
            "npm:@radix-ui/react-tabs@*",
            "npm:@radix-ui/react-toggle-group@*",
            "npm:@radix-ui/react-toggle@*",
            "npm:@radix-ui/react-tooltip@*",
            "npm:@tabler/icons-react@*",
            "npm:@tailwindcss/vite@*",
            "npm:@tanstack/devtools-vite@*",
            "npm:@tanstack/react-devtools@*",
            "npm:@tanstack/react-form@*",
            "npm:@tanstack/react-router-devtools@*",
            "npm:@tanstack/react-router-ssr-query@*",
            "npm:@tanstack/react-router@*",
            "npm:@tanstack/react-start@*",
            "npm:@tanstack/router-plugin@*",
            "npm:@testcontainers/postgresql@*",
            "npm:@testing-library/dom@*",
            "npm:@testing-library/react@*",
            "npm:@types/bcryptjs@*",
            "npm:@types/node@*",
            "npm:@types/pg@*",
            "npm:@types/react-dom@*",
            "npm:@types/react@*",
            "npm:@vitejs/plugin-react@*",
            "npm:bcryptjs@*",
            "npm:better-auth@*",
            "npm:browser-image-compression@*",
            "npm:class-variance-authority@*",
            "npm:clsx@*",
            "npm:cmdk@*",
            "npm:date-fns@*",
            "npm:dotenv-cli@*",
            "npm:effect-better-auth@*",
            "npm:effect@*",
            "npm:embla-carousel-react@*",
            "npm:faker@*",
            "npm:input-otp@*",
            "npm:jsdom@*",
            "npm:kysely@*",
            "npm:lucide-react@*",
            "npm:next-themes@*",
            "npm:nitro@3.0.1-alpha.1",
            "npm:pg@*",
            "npm:react-day-picker@*",
            "npm:react-dom@*",
            "npm:react-hook-form@*",
            "npm:react-resizable-panels@*",
            "npm:react@*",
            "npm:recharts@*",
            "npm:resend@*",
            "npm:sonner@*",
            "npm:tailwind-merge@*",
            "npm:tailwindcss@*",
            "npm:tsx@*",
            "npm:tw-animate-css@*",
            "npm:typescript@*",
            "npm:vaul@*",
            "npm:vite-tsconfig-paths@*",
            "npm:vite@*",
            "npm:vitest@*",
            "npm:web-vitals@*",
            "npm:zod@*"
          ]
        }
      },
      "packages/ui/theme": {
        "packageJson": {
          "dependencies": [
            "npm:@better-auth/passkey@*",
            "npm:@effect-atom/atom-react@*",
            "npm:@effect-atom/atom@*",
            "npm:@effect/language-service@*",
            "npm:@effect/platform-browser@*",
            "npm:@effect/platform-bun@*",
            "npm:@effect/platform@*",
            "npm:@effect/rpc@*",
            "npm:@effect/sql-pg@*",
            "npm:@effect/sql@*",
            "npm:@effect/vitest@*",
            "npm:@faker-js/faker@*",
            "npm:@hookform/resolvers@*",
            "npm:@radix-ui/react-accordion@*",
            "npm:@radix-ui/react-alert-dialog@*",
            "npm:@radix-ui/react-aspect-ratio@*",
            "npm:@radix-ui/react-avatar@*",
            "npm:@radix-ui/react-checkbox@*",
            "npm:@radix-ui/react-collapsible@*",
            "npm:@radix-ui/react-context-menu@*",
            "npm:@radix-ui/react-dialog@*",
            "npm:@radix-ui/react-dropdown-menu@*",
            "npm:@radix-ui/react-hover-card@*",
            "npm:@radix-ui/react-label@*",
            "npm:@radix-ui/react-menubar@*",
            "npm:@radix-ui/react-navigation-menu@*",
            "npm:@radix-ui/react-popover@*",
            "npm:@radix-ui/react-progress@*",
            "npm:@radix-ui/react-radio-group@*",
            "npm:@radix-ui/react-scroll-area@*",
            "npm:@radix-ui/react-select@*",
            "npm:@radix-ui/react-separator@*",
            "npm:@radix-ui/react-slider@*",
            "npm:@radix-ui/react-slot@*",
            "npm:@radix-ui/react-switch@*",
            "npm:@radix-ui/react-tabs@*",
            "npm:@radix-ui/react-toggle-group@*",
            "npm:@radix-ui/react-toggle@*",
            "npm:@radix-ui/react-tooltip@*",
            "npm:@shadcn@*",
            "npm:@tailwindcss/vite@*",
            "npm:@tanstack/devtools-vite@*",
            "npm:@tanstack/react-devtools@*",
            "npm:@tanstack/react-form@*",
            "npm:@tanstack/react-router-devtools@*",
            "npm:@tanstack/react-router-ssr-query@*",
            "npm:@tanstack/react-router@*",
            "npm:@tanstack/react-start@*",
            "npm:@tanstack/router-plugin@*",
            "npm:@testcontainers/postgresql@*",
            "npm:@testing-library/dom@*",
            "npm:@testing-library/react@*",
            "npm:@types/bcryptjs@*",
            "npm:@types/node@*",
            "npm:@types/pg@*",
            "npm:@types/react-dom@*",
            "npm:@types/react@*",
            "npm:@vitejs/plugin-react@*",
            "npm:bcryptjs@*",
            "npm:better-auth@*",
            "npm:browser-image-compression@*",
            "npm:class-variance-authority@*",
            "npm:clsx@*",
            "npm:cmdk@*",
            "npm:date-fns@*",
            "npm:dotenv-cli@*",
            "npm:effect-better-auth@*",
            "npm:effect@*",
            "npm:embla-carousel-react@*",
            "npm:faker@*",
            "npm:input-otp@*",
            "npm:jsdom@*",
            "npm:kysely@*",
            "npm:lucide-react@*",
            "npm:next-themes@*",
            "npm:nitro@3.0.1-alpha.1",
            "npm:pg@*",
            "npm:react-day-picker@*",
            "npm:react-dom@*",
            "npm:react-hook-form@*",
            "npm:react-resizable-panels@*",
            "npm:react@*",
            "npm:recharts@*",
            "npm:resend@*",
            "npm:sonner@*",
            "npm:tailwind-merge@*",
            "npm:tailwindcss@*",
            "npm:tsx@*",
            "npm:tw-animate-css@*",
            "npm:typescript@*",
            "npm:vaul@*",
            "npm:vite-tsconfig-paths@*",
            "npm:vite@*",
            "npm:vitest@*",
            "npm:web-vitals@*",
            "npm:zod@*"
          ]
        }
      }
    }
  }
}
